PODS:
  - CTMediator (13)
  - MediatorReservationModuleCategory (1.0):
    - CTMediator
  - MediatorUserModuleCategory (1.0):
    - CTMediator
  - UserModule (1.0):
    - MediatorReservationModuleCategory

DEPENDENCIES:
  - MediatorUserModuleCategory
  - UserModule

SPEC REPOS:
  https://github.com/CocoaPods/Specs.git:
    - CTMediator
  https://github.com/ModularAppLab/PrivatePods.git:
    - MediatorReservationModuleCategory
    - MediatorUserModuleCategory
    - UserModule

SPEC CHECKSUMS:
  CTMediator: 4cbf8ede42efc6b31715be88b78bdc9d94efa840
  MediatorReservationModuleCategory: 26ca907f51dfcc2483940d4fdb2febd63d846323
  MediatorUserModuleCategory: f96a9be96dee3ebf062afe57f1ca060edb12558d
  UserModule: 7d1e1d8ce4a3b083ce8bb517e75b35ff0202b107

PODFILE CHECKSUM: c09850bd8c118164745de4146216a0eee2d0335e

COCOAPODS: 1.5.0
